
Microsoft Visual Studio Solution File, Format Version 12.00
# Visual Studio Version 17
VisualStudioVersion = 17.14.37012.4 d17.14
MinimumVisualStudioVersion = 10.0.40219.1
Project("{FAE04EC0-301F-11D3-BF4B-00C04F79EFBC}") = "2026_WpfApp1", "2026_WpfApp1\2026_WpfApp1.csproj", "{B03AEEA0-077F-4971-A0D7-885BF8D0E49E}"
EndProject
Global
	GlobalSection(SolutionConfigurationPlatforms) = preSolution
		Debug|Any CPU = Debug|Any CPU
		Release|Any CPU = Release|Any CPU
	EndGlobalSection
	GlobalSection(ProjectConfigurationPlatforms) = postSolution
		{B03AEEA0-077F-4971-A0D7-885BF8D0E49E}.Debug|Any CPU.ActiveCfg = Debug|Any CPU
		{B03AEEA0-077F-4971-A0D7-885BF8D0E49E}.Debug|Any CPU.Build.0 = Debug|Any CPU
		{B03AEEA0-077F-4971-A0D7-885BF8D0E49E}.Release|Any CPU.ActiveCfg = Release|Any CPU
		{B03AEEA0-077F-4971-A0D7-885BF8D0E49E}.Release|Any CPU.Build.0 = Release|Any CPU
	EndGlobalSection
	GlobalSection(SolutionProperties) = preSolution
		HideSolutionNode = FALSE
	EndGlobalSection
	GlobalSection(ExtensibilityGlobals) = postSolution
		SolutionGuid = {EE1D0423-5364-4B7A-8DFA-99B2C53A09A9}
	EndGlobalSection
EndGlobal
